# generated by rye
# use `rye lock` or `rye sync` to update this lockfile
#
# last locked with the following flags:
#   pre: false
#   features: []
#   all-features: false
#   with-sources: false
#   generate-hashes: false

blinker==1.8.2
    # via flask
brotli==1.1.0
    # via geventhttpclient
certifi==2024.6.2
    # via geventhttpclient
    # via requests
charset-normalizer==3.3.2
    # via requests
click==8.1.7
    # via flask
configargparse==1.7
    # via locust
flask==3.0.3
    # via flask-cors
    # via flask-login
    # via locust
flask-cors==4.0.1
    # via locust
flask-login==0.6.3
    # via locust
gevent==24.2.1
    # via geventhttpclient
    # via locust
geventhttpclient==2.3.1
    # via locust
greenlet==3.0.3
    # via gevent
idna==3.7
    # via requests
itsdangerous==2.2.0
    # via flask
jinja2==3.1.4
    # via flask
locust==2.29.0
markupsafe==2.1.5
    # via jinja2
    # via werkzeug
msgpack==1.0.8
    # via locust
psutil==5.9.8
    # via locust
python-dotenv==1.0.1
pyzmq==26.0.3
    # via locust
requests==2.32.3
    # via locust
setuptools==70.0.0
    # via zope-event
    # via zope-interface
urllib3==2.2.1
    # via geventhttpclient
    # via requests
werkzeug==3.0.3
    # via flask
    # via flask-login
    # via locust
zope-event==5.0
    # via gevent
zope-interface==6.4.post2
    # via gevent
